
Microsoft Visual Studio Solution File, Format Version 12.00
# Visual Studio Version 16
VisualStudioVersion = 16.0.28803.352
MinimumVisualStudioVersion = 10.0.40219.1
Project("{FAE04EC0-301F-11D3-BF4B-00C04F79EFBC}") = "TicTacToe", "TicTacToe\TicTacToe.csproj", "{E8EFD936-5416-4A87-82F3-F0A6D4389D74}"
EndProject
Project("{FAE04EC0-301F-11D3-BF4B-00C04F79EFBC}") = "TicTacToe.PCL", "TicTacToe.PCL\TicTacToe.PCL\TicTacToe.PCL.csproj", "{A44206EB-FE83-4177-8680-0F55EB132121}"
EndProject
Global
	GlobalSection(SolutionConfigurationPlatforms) = preSolution
		Debug|Any CPU = Debug|Any CPU
		Release|Any CPU = Release|Any CPU
	EndGlobalSection
	GlobalSection(ProjectConfigurationPlatforms) = postSolution
		{E8EFD936-5416-4A87-82F3-F0A6D4389D74}.Debug|Any CPU.ActiveCfg = Debug|Any CPU
		{E8EFD936-5416-4A87-82F3-F0A6D4389D74}.Debug|Any CPU.Build.0 = Debug|Any CPU
		{E8EFD936-5416-4A87-82F3-F0A6D4389D74}.Debug|Any CPU.Deploy.0 = Debug|Any CPU
		{E8EFD936-5416-4A87-82F3-F0A6D4389D74}.Release|Any CPU.ActiveCfg = Release|Any CPU
		{E8EFD936-5416-4A87-82F3-F0A6D4389D74}.Release|Any CPU.Build.0 = Release|Any CPU
		{E8EFD936-5416-4A87-82F3-F0A6D4389D74}.Release|Any CPU.Deploy.0 = Release|Any CPU
		{A44206EB-FE83-4177-8680-0F55EB132121}.Debug|Any CPU.ActiveCfg = Debug|Any CPU
		{A44206EB-FE83-4177-8680-0F55EB132121}.Debug|Any CPU.Build.0 = Debug|Any CPU
		{A44206EB-FE83-4177-8680-0F55EB132121}.Release|Any CPU.ActiveCfg = Release|Any CPU
		{A44206EB-FE83-4177-8680-0F55EB132121}.Release|Any CPU.Build.0 = Release|Any CPU
	EndGlobalSection
	GlobalSection(SolutionProperties) = preSolution
		HideSolutionNode = FALSE
	EndGlobalSection
	GlobalSection(ExtensibilityGlobals) = postSolution
		SolutionGuid = {E4B2083F-F94F-433B-9765-5882A37E615A}
	EndGlobalSection
EndGlobal
